
Microsoft Visual Studio Solution File, Format Version 12.00
# Visual Studio Version 18
VisualStudioVersion = 18.8.12023.21
MinimumVisualStudioVersion = 10.0.40219.1
Project("{FAE04EC0-301F-11D3-BF4B-00C04F79EFBC}") = "NZ.HRM.WebAPI", "NZ.HRM.WebAPI\NZ.HRM.WebAPI.csproj", "{FE2DE857-5A90-4988-95B1-15A7B1B50656}"
EndProject
Project("{FAE04EC0-301F-11D3-BF4B-00C04F79EFBC}") = "NZ.HRM.Application", "NZ.HRM.Application\NZ.HRM.Application.csproj", "{D7902E73-8613-EE72-022A-3C13CD2B6A84}"
EndProject
Project("{FAE04EC0-301F-11D3-BF4B-00C04F79EFBC}") = "NZ.HRM.Domain", "NZ.HRM.Domain\NZ.HRM.Domain.csproj", "{D494F9DB-8CA9-E737-4E59-99B95B16B32E}"
EndProject
Project("{FAE04EC0-301F-11D3-BF4B-00C04F79EFBC}") = "NZ.HRM.Infrastructure", "NZ.HRM.Infrastructure\NZ.HRM.Infrastructure.csproj", "{47CB15A2-F595-01A5-FD7C-AE490D47416F}"
EndProject
Project("{2150E333-8FDC-42A3-9474-1A3956D46DE8}") = "Presentation", "Presentation", "{0AA01C53-E102-4513-B64C-3C7BBD6783E1}"
EndProject
Project("{FAE04EC0-301F-11D3-BF4B-00C04F79EFBC}") = "NZ.HRM.Utility", "NZ.HRM.Utility\NZ.HRM.Utility.csproj", "{8D06793C-2039-459A-9373-0F716E5CF630}"
EndProject
Project("{FAE04EC0-301F-11D3-BF4B-00C04F79EFBC}") = "NZ.HRM.Mapping", "NZ.HRM.Mapping\NZ.HRM.Mapping.csproj", "{5F6F75EC-FB37-400F-965F-7082F5E4464E}"
EndProject
Project("{FAE04EC0-301F-11D3-BF4B-00C04F79EFBC}") = "NZ.HRM.Application.Model", "NZ.HRM.Application.Model\NZ.HRM.Application.Model.csproj", "{413DC870-24C7-4F2A-8BD6-8B9032A16DC7}"
EndProject
Project("{FAE04EC0-301F-11D3-BF4B-00C04F79EFBC}") = "NZ.Shared.Events", "NZ.Shared.Events\NZ.Shared.Events.csproj", "{1D574975-DF96-4149-AED8-4D60ABD818B7}"
EndProject
Project("{FAE04EC0-301F-11D3-BF4B-00C04F79EFBC}") = "NZ.HRM.Reporting", "NZ.Reporting.Application\NZ.HRM.Reporting.csproj", "{F948FB49-8ADB-4E04-BD5E-51468D5B00DF}"
EndProject
Project("{2150E333-8FDC-42A3-9474-1A3956D46DE8}") = "src", "src", "{B34D44C0-849F-455B-9BBC-D532904CEA28}"
EndProject
Project("{2150E333-8FDC-42A3-9474-1A3956D46DE8}") = "Shared", "Shared", "{5A9964F9-1334-4F5A-B147-4EDDEA5F318F}"
EndProject
Project("{FAE04EC0-301F-11D3-BF4B-00C04F79EFBC}") = "NZ.Shared.Domain", "Syn.Shared.Domain\NZ.Shared.Domain.csproj", "{452C73DA-678E-4CEB-8DFE-54D21FDB2A46}"
EndProject
Project("{FAE04EC0-301F-11D3-BF4B-00C04F79EFBC}") = "NZ.Shared.Infrastructure", "SynEx.Shared.Infrastructure\NZ.Shared.Infrastructure.csproj", "{4B9DE497-A023-4238-9D8B-086C0162B302}"
EndProject
Project("{FAE04EC0-301F-11D3-BF4B-00C04F79EFBC}") = "NZ.Shared.Contracts", "SynEx.Shared.Contracts\NZ.Shared.Contracts.csproj", "{8588DCE2-E5C3-453A-8BCD-E08300E4B4B8}"
EndProject
Project("{2150E333-8FDC-42A3-9474-1A3956D46DE8}") = "Modules", "Modules", "{201D5B75-B4AE-4DA9-BDF6-44C9D00C5174}"
EndProject
Project("{2150E333-8FDC-42A3-9474-1A3956D46DE8}") = "Recruitment", "Recruitment", "{4A291E0E-253E-4F9F-B6E1-7D1309725FE8}"
EndProject
Project("{2150E333-8FDC-42A3-9474-1A3956D46DE8}") = "Attendance", "Attendance", "{5EB33FCB-881B-43B7-B425-491B207D3FA8}"
EndProject
Project("{FAE04EC0-301F-11D3-BF4B-00C04F79EFBC}") = "NZ.Attendance.Domain", "SynEx.Domain\NZ.Attendance.Domain.csproj", "{541DF1A6-7132-499C-BD25-22BE8D115D84}"
EndProject
Project("{FAE04EC0-301F-11D3-BF4B-00C04F79EFBC}") = "NZ.Attendance.Application", "SynExis.Attendance.Application\NZ.Attendance.Application.csproj", "{2B246716-E1A5-4C4F-91B7-44AD22C3E592}"
EndProject
Project("{2150E333-8FDC-42A3-9474-1A3956D46DE8}") = "Payroll", "Payroll", "{117399C1-B525-4A63-8773-AF4CB090D215}"
EndProject
Project("{FAE04EC0-301F-11D3-BF4B-00C04F79EFBC}") = "NZ.Attendance.Infrastructure", "NZ.Attendance.Infrastructure\NZ.Attendance.Infrastructure.csproj", "{E80E303E-DAD2-5099-3682-7042BD3113E4}"
EndProject
Project("{FAE04EC0-301F-11D3-BF4B-00C04F79EFBC}") = "NZ.Payroll.Domain", "NZ.Payroll.Domain\NZ.Payroll.Domain.csproj", "{E1C32426-6E42-0BF6-8028-DF95FFB2F560}"
EndProject
Project("{FAE04EC0-301F-11D3-BF4B-00C04F79EFBC}") = "NZ.Payroll.Application", "NZ.Payroll.Application\NZ.Payroll.Application.csproj", "{5ACCD467-B090-E12C-E868-D69B66872D40}"
EndProject
Project("{FAE04EC0-301F-11D3-BF4B-00C04F79EFBC}") = "NZ.Payroll.Infrastructure", "NZ.Payroll.Infrastructure\NZ.Payroll.Infrastructure.csproj", "{D2928D6D-61F2-C7A4-52FB-E4CF4D00F3A0}"
EndProject
Project("{2150E333-8FDC-42A3-9474-1A3956D46DE8}") = "Leave", "Leave", "{7412C27A-FD35-4A0D-A45B-05BA27B3EB0E}"
EndProject
Project("{FAE04EC0-301F-11D3-BF4B-00C04F79EFBC}") = "NZ.Leave.Infrastructure", "NZ.Leave.Infrastructure\NZ.Leave.Infrastructure.csproj", "{1DD7B82D-4AA8-25C1-3CA2-329F6535CC15}"
EndProject
Global
	GlobalSection(SolutionConfigurationPlatforms) = preSolution
		Debug|Any CPU = Debug|Any CPU
		Debug|x64 = Debug|x64
		Debug|x86 = Debug|x86
		Release|Any CPU = Release|Any CPU
		Release|x64 = Release|x64
		Release|x86 = Release|x86
	EndGlobalSection
	GlobalSection(ProjectConfigurationPlatforms) = postSolution
		{FE2DE857-5A90-4988-95B1-15A7B1B50656}.Debug|Any CPU.ActiveCfg = Debug|Any CPU
		{FE2DE857-5A90-4988-95B1-15A7B1B50656}.Debug|Any CPU.Build.0 = Debug|Any CPU
		{FE2DE857-5A90-4988-95B1-15A7B1B50656}.Debug|x64.ActiveCfg = Debug|Any CPU
		{FE2DE857-5A90-4988-95B1-15A7B1B50656}.Debug|x64.Build.0 = Debug|Any CPU
		{FE2DE857-5A90-4988-95B1-15A7B1B50656}.Debug|x86.ActiveCfg = Debug|Any CPU
		{FE2DE857-5A90-4988-95B1-15A7B1B50656}.Debug|x86.Build.0 = Debug|Any CPU
		{FE2DE857-5A90-4988-95B1-15A7B1B50656}.Release|Any CPU.ActiveCfg = Release|Any CPU
		{FE2DE857-5A90-4988-95B1-15A7B1B50656}.Release|Any CPU.Build.0 = Release|Any CPU
		{FE2DE857-5A90-4988-95B1-15A7B1B50656}.Release|x64.ActiveCfg = Release|Any CPU
		{FE2DE857-5A90-4988-95B1-15A7B1B50656}.Release|x64.Build.0 = Release|Any CPU
		{FE2DE857-5A90-4988-95B1-15A7B1B50656}.Release|x86.ActiveCfg = Release|Any CPU
		{FE2DE857-5A90-4988-95B1-15A7B1B50656}.Release|x86.Build.0 = Release|Any CPU
		{D7902E73-8613-EE72-022A-3C13CD2B6A84}.Debug|Any CPU.ActiveCfg = Debug|Any CPU
		{D7902E73-8613-EE72-022A-3C13CD2B6A84}.Debug|Any CPU.Build.0 = Debug|Any CPU
		{D7902E73-8613-EE72-022A-3C13CD2B6A84}.Debug|x64.ActiveCfg = Debug|Any CPU
		{D7902E73-8613-EE72-022A-3C13CD2B6A84}.Debug|x64.Build.0 = Debug|Any CPU
		{D7902E73-8613-EE72-022A-3C13CD2B6A84}.Debug|x86.ActiveCfg = Debug|Any CPU
		{D7902E73-8613-EE72-022A-3C13CD2B6A84}.Debug|x86.Build.0 = Debug|Any CPU
		{D7902E73-8613-EE72-022A-3C13CD2B6A84}.Release|Any CPU.ActiveCfg = Release|Any CPU
		{D7902E73-8613-EE72-022A-3C13CD2B6A84}.Release|Any CPU.Build.0 = Release|Any CPU
		{D7902E73-8613-EE72-022A-3C13CD2B6A84}.Release|x64.ActiveCfg = Release|Any CPU
		{D7902E73-8613-EE72-022A-3C13CD2B6A84}.Release|x64.Build.0 = Release|Any CPU
		{D7902E73-8613-EE72-022A-3C13CD2B6A84}.Release|x86.ActiveCfg = Release|Any CPU
		{D7902E73-8613-EE72-022A-3C13CD2B6A84}.Release|x86.Build.0 = Release|Any CPU
		{D494F9DB-8CA9-E737-4E59-99B95B16B32E}.Debug|Any CPU.ActiveCfg = Debug|Any CPU
		{D494F9DB-8CA9-E737-4E59-99B95B16B32E}.Debug|Any CPU.Build.0 = Debug|Any CPU
		{D494F9DB-8CA9-E737-4E59-99B95B16B32E}.Debug|x64.ActiveCfg = Debug|Any CPU
		{D494F9DB-8CA9-E737-4E59-99B95B16B32E}.Debug|x64.Build.0 = Debug|Any CPU
		{D494F9DB-8CA9-E737-4E59-99B95B16B32E}.Debug|x86.ActiveCfg = Debug|Any CPU
		{D494F9DB-8CA9-E737-4E59-99B95B16B32E}.Debug|x86.Build.0 = Debug|Any CPU
		{D494F9DB-8CA9-E737-4E59-99B95B16B32E}.Release|Any CPU.ActiveCfg = Release|Any CPU
		{D494F9DB-8CA9-E737-4E59-99B95B16B32E}.Release|Any CPU.Build.0 = Release|Any CPU
		{D494F9DB-8CA9-E737-4E59-99B95B16B32E}.Release|x64.ActiveCfg = Release|Any CPU
		{D494F9DB-8CA9-E737-4E59-99B95B16B32E}.Release|x64.Build.0 = Release|Any CPU
		{D494F9DB-8CA9-E737-4E59-99B95B16B32E}.Release|x86.ActiveCfg = Release|Any CPU
		{D494F9DB-8CA9-E737-4E59-99B95B16B32E}.Release|x86.Build.0 = Release|Any CPU
		{47CB15A2-F595-01A5-FD7C-AE490D47416F}.Debug|Any CPU.ActiveCfg = Debug|Any CPU
		{47CB15A2-F595-01A5-FD7C-AE490D47416F}.Debug|Any CPU.Build.0 = Debug|Any CPU
		{47CB15A2-F595-01A5-FD7C-AE490D47416F}.Debug|x64.ActiveCfg = Debug|Any CPU
		{47CB15A2-F595-01A5-FD7C-AE490D47416F}.Debug|x64.Build.0 = Debug|Any CPU
		{47CB15A2-F595-01A5-FD7C-AE490D47416F}.Debug|x86.ActiveCfg = Debug|Any CPU
		{47CB15A2-F595-01A5-FD7C-AE490D47416F}.Debug|x86.Build.0 = Debug|Any CPU
		{47CB15A2-F595-01A5-FD7C-AE490D47416F}.Release|Any CPU.ActiveCfg = Release|Any CPU
		{47CB15A2-F595-01A5-FD7C-AE490D47416F}.Release|Any CPU.Build.0 = Release|Any CPU
		{47CB15A2-F595-01A5-FD7C-AE490D47416F}.Release|x64.ActiveCfg = Release|Any CPU
		{47CB15A2-F595-01A5-FD7C-AE490D47416F}.Release|x64.Build.0 = Release|Any CPU
		{47CB15A2-F595-01A5-FD7C-AE490D47416F}.Release|x86.ActiveCfg = Release|Any CPU
		{47CB15A2-F595-01A5-FD7C-AE490D47416F}.Release|x86.Build.0 = Release|Any CPU
		{8D06793C-2039-459A-9373-0F716E5CF630}.Debug|Any CPU.ActiveCfg = Debug|Any CPU
		{8D06793C-2039-459A-9373-0F716E5CF630}.Debug|Any CPU.Build.0 = Debug|Any CPU
		{8D06793C-2039-459A-9373-0F716E5CF630}.Debug|x64.ActiveCfg = Debug|Any CPU
		{8D06793C-2039-459A-9373-0F716E5CF630}.Debug|x64.Build.0 = Debug|Any CPU
		{8D06793C-2039-459A-9373-0F716E5CF630}.Debug|x86.ActiveCfg = Debug|Any CPU
		{8D06793C-2039-459A-9373-0F716E5CF630}.Debug|x86.Build.0 = Debug|Any CPU
		{8D06793C-2039-459A-9373-0F716E5CF630}.Release|Any CPU.ActiveCfg = Release|Any CPU
		{8D06793C-2039-459A-9373-0F716E5CF630}.Release|Any CPU.Build.0 = Release|Any CPU
		{8D06793C-2039-459A-9373-0F716E5CF630}.Release|x64.ActiveCfg = Release|Any CPU
		{8D06793C-2039-459A-9373-0F716E5CF630}.Release|x64.Build.0 = Release|Any CPU
		{8D06793C-2039-459A-9373-0F716E5CF630}.Release|x86.ActiveCfg = Release|Any CPU
		{8D06793C-2039-459A-9373-0F716E5CF630}.Release|x86.Build.0 = Release|Any CPU
		{5F6F75EC-FB37-400F-965F-7082F5E4464E}.Debug|Any CPU.ActiveCfg = Debug|Any CPU
		{5F6F75EC-FB37-400F-965F-7082F5E4464E}.Debug|Any CPU.Build.0 = Debug|Any CPU
		{5F6F75EC-FB37-400F-965F-7082F5E4464E}.Debug|x64.ActiveCfg = Debug|Any CPU
		{5F6F75EC-FB37-400F-965F-7082F5E4464E}.Debug|x64.Build.0 = Debug|Any CPU
		{5F6F75EC-FB37-400F-965F-7082F5E4464E}.Debug|x86.ActiveCfg = Debug|Any CPU
		{5F6F75EC-FB37-400F-965F-7082F5E4464E}.Debug|x86.Build.0 = Debug|Any CPU
		{5F6F75EC-FB37-400F-965F-7082F5E4464E}.Release|Any CPU.ActiveCfg = Release|Any CPU
		{5F6F75EC-FB37-400F-965F-7082F5E4464E}.Release|Any CPU.Build.0 = Release|Any CPU
		{5F6F75EC-FB37-400F-965F-7082F5E4464E}.Release|x64.ActiveCfg = Release|Any CPU
		{5F6F75EC-FB37-400F-965F-7082F5E4464E}.Release|x64.Build.0 = Release|Any CPU
		{5F6F75EC-FB37-400F-965F-7082F5E4464E}.Release|x86.ActiveCfg = Release|Any CPU
		{5F6F75EC-FB37-400F-965F-7082F5E4464E}.Release|x86.Build.0 = Release|Any CPU
		{413DC870-24C7-4F2A-8BD6-8B9032A16DC7}.Debug|Any CPU.ActiveCfg = Debug|Any CPU
		{413DC870-24C7-4F2A-8BD6-8B9032A16DC7}.Debug|Any CPU.Build.0 = Debug|Any CPU
		{413DC870-24C7-4F2A-8BD6-8B9032A16DC7}.Debug|x64.ActiveCfg = Debug|Any CPU
		{413DC870-24C7-4F2A-8BD6-8B9032A16DC7}.Debug|x64.Build.0 = Debug|Any CPU
		{413DC870-24C7-4F2A-8BD6-8B9032A16DC7}.Debug|x86.ActiveCfg = Debug|Any CPU
		{413DC870-24C7-4F2A-8BD6-8B9032A16DC7}.Debug|x86.Build.0 = Debug|Any CPU
		{413DC870-24C7-4F2A-8BD6-8B9032A16DC7}.Release|Any CPU.ActiveCfg = Release|Any CPU
		{413DC870-24C7-4F2A-8BD6-8B9032A16DC7}.Release|Any CPU.Build.0 = Release|Any CPU
		{413DC870-24C7-4F2A-8BD6-8B9032A16DC7}.Release|x64.ActiveCfg = Release|Any CPU
		{413DC870-24C7-4F2A-8BD6-8B9032A16DC7}.Release|x64.Build.0 = Release|Any CPU
		{413DC870-24C7-4F2A-8BD6-8B9032A16DC7}.Release|x86.ActiveCfg = Release|Any CPU
		{413DC870-24C7-4F2A-8BD6-8B9032A16DC7}.Release|x86.Build.0 = Release|Any CPU
		{1D574975-DF96-4149-AED8-4D60ABD818B7}.Debug|Any CPU.ActiveCfg = Debug|Any CPU
		{1D574975-DF96-4149-AED8-4D60ABD818B7}.Debug|Any CPU.Build.0 = Debug|Any CPU
		{1D574975-DF96-4149-AED8-4D60ABD818B7}.Debug|x64.ActiveCfg = Debug|Any CPU
		{1D574975-DF96-4149-AED8-4D60ABD818B7}.Debug|x64.Build.0 = Debug|Any CPU
		{1D574975-DF96-4149-AED8-4D60ABD818B7}.Debug|x86.ActiveCfg = Debug|Any CPU
		{1D574975-DF96-4149-AED8-4D60ABD818B7}.Debug|x86.Build.0 = Debug|Any CPU
		{1D574975-DF96-4149-AED8-4D60ABD818B7}.Release|Any CPU.ActiveCfg = Release|Any CPU
		{1D574975-DF96-4149-AED8-4D60ABD818B7}.Release|Any CPU.Build.0 = Release|Any CPU
		{1D574975-DF96-4149-AED8-4D60ABD818B7}.Release|x64.ActiveCfg = Release|Any CPU
		{1D574975-DF96-4149-AED8-4D60ABD818B7}.Release|x64.Build.0 = Release|Any CPU
		{1D574975-DF96-4149-AED8-4D60ABD818B7}.Release|x86.ActiveCfg = Release|Any CPU
		{1D574975-DF96-4149-AED8-4D60ABD818B7}.Release|x86.Build.0 = Release|Any CPU
		{F948FB49-8ADB-4E04-BD5E-51468D5B00DF}.Debug|Any CPU.ActiveCfg = Debug|Any CPU
		{F948FB49-8ADB-4E04-BD5E-51468D5B00DF}.Debug|Any CPU.Build.0 = Debug|Any CPU
		{F948FB49-8ADB-4E04-BD5E-51468D5B00DF}.Debug|x64.ActiveCfg = Debug|Any CPU
		{F948FB49-8ADB-4E04-BD5E-51468D5B00DF}.Debug|x64.Build.0 = Debug|Any CPU
		{F948FB49-8ADB-4E04-BD5E-51468D5B00DF}.Debug|x86.ActiveCfg = Debug|Any CPU
		{F948FB49-8ADB-4E04-BD5E-51468D5B00DF}.Debug|x86.Build.0 = Debug|Any CPU
		{F948FB49-8ADB-4E04-BD5E-51468D5B00DF}.Release|Any CPU.ActiveCfg = Release|Any CPU
		{F948FB49-8ADB-4E04-BD5E-51468D5B00DF}.Release|Any CPU.Build.0 = Release|Any CPU
		{F948FB49-8ADB-4E04-BD5E-51468D5B00DF}.Release|x64.ActiveCfg = Release|Any CPU
		{F948FB49-8ADB-4E04-BD5E-51468D5B00DF}.Release|x64.Build.0 = Release|Any CPU
		{F948FB49-8ADB-4E04-BD5E-51468D5B00DF}.Release|x86.ActiveCfg = Release|Any CPU
		{F948FB49-8ADB-4E04-BD5E-51468D5B00DF}.Release|x86.Build.0 = Release|Any CPU
		{452C73DA-678E-4CEB-8DFE-54D21FDB2A46}.Debug|Any CPU.ActiveCfg = Debug|Any CPU
		{452C73DA-678E-4CEB-8DFE-54D21FDB2A46}.Debug|Any CPU.Build.0 = Debug|Any CPU
		{452C73DA-678E-4CEB-8DFE-54D21FDB2A46}.Debug|x64.ActiveCfg = Debug|Any CPU
		{452C73DA-678E-4CEB-8DFE-54D21FDB2A46}.Debug|x64.Build.0 = Debug|Any CPU
		{452C73DA-678E-4CEB-8DFE-54D21FDB2A46}.Debug|x86.ActiveCfg = Debug|Any CPU
		{452C73DA-678E-4CEB-8DFE-54D21FDB2A46}.Debug|x86.Build.0 = Debug|Any CPU
		{452C73DA-678E-4CEB-8DFE-54D21FDB2A46}.Release|Any CPU.ActiveCfg = Release|Any CPU
		{452C73DA-678E-4CEB-8DFE-54D21FDB2A46}.Release|Any CPU.Build.0 = Release|Any CPU
		{452C73DA-678E-4CEB-8DFE-54D21FDB2A46}.Release|x64.ActiveCfg = Release|Any CPU
		{452C73DA-678E-4CEB-8DFE-54D21FDB2A46}.Release|x64.Build.0 = Release|Any CPU
		{452C73DA-678E-4CEB-8DFE-54D21FDB2A46}.Release|x86.ActiveCfg = Release|Any CPU
		{452C73DA-678E-4CEB-8DFE-54D21FDB2A46}.Release|x86.Build.0 = Release|Any CPU
		{4B9DE497-A023-4238-9D8B-086C0162B302}.Debug|Any CPU.ActiveCfg = Debug|Any CPU
		{4B9DE497-A023-4238-9D8B-086C0162B302}.Debug|Any CPU.Build.0 = Debug|Any CPU
		{4B9DE497-A023-4238-9D8B-086C0162B302}.Debug|x64.ActiveCfg = Debug|Any CPU
		{4B9DE497-A023-4238-9D8B-086C0162B302}.Debug|x64.Build.0 = Debug|Any CPU
		{4B9DE497-A023-4238-9D8B-086C0162B302}.Debug|x86.ActiveCfg = Debug|Any CPU
		{4B9DE497-A023-4238-9D8B-086C0162B302}.Debug|x86.Build.0 = Debug|Any CPU
		{4B9DE497-A023-4238-9D8B-086C0162B302}.Release|Any CPU.ActiveCfg = Release|Any CPU
		{4B9DE497-A023-4238-9D8B-086C0162B302}.Release|Any CPU.Build.0 = Release|Any CPU
		{4B9DE497-A023-4238-9D8B-086C0162B302}.Release|x64.ActiveCfg = Release|Any CPU
		{4B9DE497-A023-4238-9D8B-086C0162B302}.Release|x64.Build.0 = Release|Any CPU
		{4B9DE497-A023-4238-9D8B-086C0162B302}.Release|x86.ActiveCfg = Release|Any CPU
		{4B9DE497-A023-4238-9D8B-086C0162B302}.Release|x86.Build.0 = Release|Any CPU
		{8588DCE2-E5C3-453A-8BCD-E08300E4B4B8}.Debug|Any CPU.ActiveCfg = Debug|Any CPU
		{8588DCE2-E5C3-453A-8BCD-E08300E4B4B8}.Debug|Any CPU.Build.0 = Debug|Any CPU
		{8588DCE2-E5C3-453A-8BCD-E08300E4B4B8}.Debug|x64.ActiveCfg = Debug|Any CPU
		{8588DCE2-E5C3-453A-8BCD-E08300E4B4B8}.Debug|x64.Build.0 = Debug|Any CPU
		{8588DCE2-E5C3-453A-8BCD-E08300E4B4B8}.Debug|x86.ActiveCfg = Debug|Any CPU
		{8588DCE2-E5C3-453A-8BCD-E08300E4B4B8}.Debug|x86.Build.0 = Debug|Any CPU
		{8588DCE2-E5C3-453A-8BCD-E08300E4B4B8}.Release|Any CPU.ActiveCfg = Release|Any CPU
		{8588DCE2-E5C3-453A-8BCD-E08300E4B4B8}.Release|Any CPU.Build.0 = Release|Any CPU
		{8588DCE2-E5C3-453A-8BCD-E08300E4B4B8}.Release|x64.ActiveCfg = Release|Any CPU
		{8588DCE2-E5C3-453A-8BCD-E08300E4B4B8}.Release|x64.Build.0 = Release|Any CPU
		{8588DCE2-E5C3-453A-8BCD-E08300E4B4B8}.Release|x86.ActiveCfg = Release|Any CPU
		{8588DCE2-E5C3-453A-8BCD-E08300E4B4B8}.Release|x86.Build.0 = Release|Any CPU
		{541DF1A6-7132-499C-BD25-22BE8D115D84}.Debug|Any CPU.ActiveCfg = Debug|Any CPU
		{541DF1A6-7132-499C-BD25-22BE8D115D84}.Debug|Any CPU.Build.0 = Debug|Any CPU
		{541DF1A6-7132-499C-BD25-22BE8D115D84}.Debug|x64.ActiveCfg = Debug|Any CPU
		{541DF1A6-7132-499C-BD25-22BE8D115D84}.Debug|x64.Build.0 = Debug|Any CPU
		{541DF1A6-7132-499C-BD25-22BE8D115D84}.Debug|x86.ActiveCfg = Debug|Any CPU
		{541DF1A6-7132-499C-BD25-22BE8D115D84}.Debug|x86.Build.0 = Debug|Any CPU
		{541DF1A6-7132-499C-BD25-22BE8D115D84}.Release|Any CPU.ActiveCfg = Release|Any CPU
		{541DF1A6-7132-499C-BD25-22BE8D115D84}.Release|Any CPU.Build.0 = Release|Any CPU
		{541DF1A6-7132-499C-BD25-22BE8D115D84}.Release|x64.ActiveCfg = Release|Any CPU
		{541DF1A6-7132-499C-BD25-22BE8D115D84}.Release|x64.Build.0 = Release|Any CPU
		{541DF1A6-7132-499C-BD25-22BE8D115D84}.Release|x86.ActiveCfg = Release|Any CPU
		{541DF1A6-7132-499C-BD25-22BE8D115D84}.Release|x86.Build.0 = Release|Any CPU
		{2B246716-E1A5-4C4F-91B7-44AD22C3E592}.Debug|Any CPU.ActiveCfg = Debug|Any CPU
		{2B246716-E1A5-4C4F-91B7-44AD22C3E592}.Debug|Any CPU.Build.0 = Debug|Any CPU
		{2B246716-E1A5-4C4F-91B7-44AD22C3E592}.Debug|x64.ActiveCfg = Debug|Any CPU
		{2B246716-E1A5-4C4F-91B7-44AD22C3E592}.Debug|x64.Build.0 = Debug|Any CPU
		{2B246716-E1A5-4C4F-91B7-44AD22C3E592}.Debug|x86.ActiveCfg = Debug|Any CPU
		{2B246716-E1A5-4C4F-91B7-44AD22C3E592}.Debug|x86.Build.0 = Debug|Any CPU
		{2B246716-E1A5-4C4F-91B7-44AD22C3E592}.Release|Any CPU.ActiveCfg = Release|Any CPU
		{2B246716-E1A5-4C4F-91B7-44AD22C3E592}.Release|Any CPU.Build.0 = Release|Any CPU
		{2B246716-E1A5-4C4F-91B7-44AD22C3E592}.Release|x64.ActiveCfg = Release|Any CPU
		{2B246716-E1A5-4C4F-91B7-44AD22C3E592}.Release|x64.Build.0 = Release|Any CPU
		{2B246716-E1A5-4C4F-91B7-44AD22C3E592}.Release|x86.ActiveCfg = Release|Any CPU
		{2B246716-E1A5-4C4F-91B7-44AD22C3E592}.Release|x86.Build.0 = Release|Any CPU
		{E80E303E-DAD2-5099-3682-7042BD3113E4}.Debug|Any CPU.ActiveCfg = Debug|Any CPU
		{E80E303E-DAD2-5099-3682-7042BD3113E4}.Debug|Any CPU.Build.0 = Debug|Any CPU
		{E80E303E-DAD2-5099-3682-7042BD3113E4}.Debug|x64.ActiveCfg = Debug|Any CPU
		{E80E303E-DAD2-5099-3682-7042BD3113E4}.Debug|x64.Build.0 = Debug|Any CPU
		{E80E303E-DAD2-5099-3682-7042BD3113E4}.Debug|x86.ActiveCfg = Debug|Any CPU
		{E80E303E-DAD2-5099-3682-7042BD3113E4}.Debug|x86.Build.0 = Debug|Any CPU
		{E80E303E-DAD2-5099-3682-7042BD3113E4}.Release|Any CPU.ActiveCfg = Release|Any CPU
		{E80E303E-DAD2-5099-3682-7042BD3113E4}.Release|Any CPU.Build.0 = Release|Any CPU
		{E80E303E-DAD2-5099-3682-7042BD3113E4}.Release|x64.ActiveCfg = Release|Any CPU
		{E80E303E-DAD2-5099-3682-7042BD3113E4}.Release|x64.Build.0 = Release|Any CPU
		{E80E303E-DAD2-5099-3682-7042BD3113E4}.Release|x86.ActiveCfg = Release|Any CPU
		{E80E303E-DAD2-5099-3682-7042BD3113E4}.Release|x86.Build.0 = Release|Any CPU
		{E1C32426-6E42-0BF6-8028-DF95FFB2F560}.Debug|Any CPU.ActiveCfg = Debug|Any CPU
		{E1C32426-6E42-0BF6-8028-DF95FFB2F560}.Debug|Any CPU.Build.0 = Debug|Any CPU
		{E1C32426-6E42-0BF6-8028-DF95FFB2F560}.Debug|x64.ActiveCfg = Debug|Any CPU
		{E1C32426-6E42-0BF6-8028-DF95FFB2F560}.Debug|x64.Build.0 = Debug|Any CPU
		{E1C32426-6E42-0BF6-8028-DF95FFB2F560}.Debug|x86.ActiveCfg = Debug|Any CPU
		{E1C32426-6E42-0BF6-8028-DF95FFB2F560}.Debug|x86.Build.0 = Debug|Any CPU
		{E1C32426-6E42-0BF6-8028-DF95FFB2F560}.Release|Any CPU.ActiveCfg = Release|Any CPU
		{E1C32426-6E42-0BF6-8028-DF95FFB2F560}.Release|Any CPU.Build.0 = Release|Any CPU
		{E1C32426-6E42-0BF6-8028-DF95FFB2F560}.Release|x64.ActiveCfg = Release|Any CPU
		{E1C32426-6E42-0BF6-8028-DF95FFB2F560}.Release|x64.Build.0 = Release|Any CPU
		{E1C32426-6E42-0BF6-8028-DF95FFB2F560}.Release|x86.ActiveCfg = Release|Any CPU
		{E1C32426-6E42-0BF6-8028-DF95FFB2F560}.Release|x86.Build.0 = Release|Any CPU
		{5ACCD467-B090-E12C-E868-D69B66872D40}.Debug|Any CPU.ActiveCfg = Debug|Any CPU
		{5ACCD467-B090-E12C-E868-D69B66872D40}.Debug|Any CPU.Build.0 = Debug|Any CPU
		{5ACCD467-B090-E12C-E868-D69B66872D40}.Debug|x64.ActiveCfg = Debug|Any CPU
		{5ACCD467-B090-E12C-E868-D69B66872D40}.Debug|x64.Build.0 = Debug|Any CPU
		{5ACCD467-B090-E12C-E868-D69B66872D40}.Debug|x86.ActiveCfg = Debug|Any CPU
		{5ACCD467-B090-E12C-E868-D69B66872D40}.Debug|x86.Build.0 = Debug|Any CPU
		{5ACCD467-B090-E12C-E868-D69B66872D40}.Release|Any CPU.ActiveCfg = Release|Any CPU
		{5ACCD467-B090-E12C-E868-D69B66872D40}.Release|Any CPU.Build.0 = Release|Any CPU
		{5ACCD467-B090-E12C-E868-D69B66872D40}.Release|x64.ActiveCfg = Release|Any CPU
		{5ACCD467-B090-E12C-E868-D69B66872D40}.Release|x64.Build.0 = Release|Any CPU
		{5ACCD467-B090-E12C-E868-D69B66872D40}.Release|x86.ActiveCfg = Release|Any CPU
		{5ACCD467-B090-E12C-E868-D69B66872D40}.Release|x86.Build.0 = Release|Any CPU
		{D2928D6D-61F2-C7A4-52FB-E4CF4D00F3A0}.Debug|Any CPU.ActiveCfg = Debug|Any CPU
		{D2928D6D-61F2-C7A4-52FB-E4CF4D00F3A0}.Debug|Any CPU.Build.0 = Debug|Any CPU
		{D2928D6D-61F2-C7A4-52FB-E4CF4D00F3A0}.Debug|x64.ActiveCfg = Debug|Any CPU
		{D2928D6D-61F2-C7A4-52FB-E4CF4D00F3A0}.Debug|x64.Build.0 = Debug|Any CPU
		{D2928D6D-61F2-C7A4-52FB-E4CF4D00F3A0}.Debug|x86.ActiveCfg = Debug|Any CPU
		{D2928D6D-61F2-C7A4-52FB-E4CF4D00F3A0}.Debug|x86.Build.0 = Debug|Any CPU
		{D2928D6D-61F2-C7A4-52FB-E4CF4D00F3A0}.Release|Any CPU.ActiveCfg = Release|Any CPU
		{D2928D6D-61F2-C7A4-52FB-E4CF4D00F3A0}.Release|Any CPU.Build.0 = Release|Any CPU
		{D2928D6D-61F2-C7A4-52FB-E4CF4D00F3A0}.Release|x64.ActiveCfg = Release|Any CPU
		{D2928D6D-61F2-C7A4-52FB-E4CF4D00F3A0}.Release|x64.Build.0 = Release|Any CPU
		{D2928D6D-61F2-C7A4-52FB-E4CF4D00F3A0}.Release|x86.ActiveCfg = Release|Any CPU
		{D2928D6D-61F2-C7A4-52FB-E4CF4D00F3A0}.Release|x86.Build.0 = Release|Any CPU
		{1DD7B82D-4AA8-25C1-3CA2-329F6535CC15}.Debug|Any CPU.ActiveCfg = Debug|Any CPU
		{1DD7B82D-4AA8-25C1-3CA2-329F6535CC15}.Debug|Any CPU.Build.0 = Debug|Any CPU
		{1DD7B82D-4AA8-25C1-3CA2-329F6535CC15}.Debug|x64.ActiveCfg = Debug|Any CPU
		{1DD7B82D-4AA8-25C1-3CA2-329F6535CC15}.Debug|x64.Build.0 = Debug|Any CPU
		{1DD7B82D-4AA8-25C1-3CA2-329F6535CC15}.Debug|x86.ActiveCfg = Debug|Any CPU
		{1DD7B82D-4AA8-25C1-3CA2-329F6535CC15}.Debug|x86.Build.0 = Debug|Any CPU
		{1DD7B82D-4AA8-25C1-3CA2-329F6535CC15}.Release|Any CPU.ActiveCfg = Release|Any CPU
		{1DD7B82D-4AA8-25C1-3CA2-329F6535CC15}.Release|Any CPU.Build.0 = Release|Any CPU
		{1DD7B82D-4AA8-25C1-3CA2-329F6535CC15}.Release|x64.ActiveCfg = Release|Any CPU
		{1DD7B82D-4AA8-25C1-3CA2-329F6535CC15}.Release|x64.Build.0 = Release|Any CPU
		{1DD7B82D-4AA8-25C1-3CA2-329F6535CC15}.Release|x86.ActiveCfg = Release|Any CPU
		{1DD7B82D-4AA8-25C1-3CA2-329F6535CC15}.Release|x86.Build.0 = Release|Any CPU
	EndGlobalSection
	GlobalSection(SolutionProperties) = preSolution
		HideSolutionNode = FALSE
	EndGlobalSection
	GlobalSection(NestedProjects) = preSolution
		{FE2DE857-5A90-4988-95B1-15A7B1B50656} = {0AA01C53-E102-4513-B64C-3C7BBD6783E1}
		{D7902E73-8613-EE72-022A-3C13CD2B6A84} = {4A291E0E-253E-4F9F-B6E1-7D1309725FE8}
		{D494F9DB-8CA9-E737-4E59-99B95B16B32E} = {4A291E0E-253E-4F9F-B6E1-7D1309725FE8}
		{47CB15A2-F595-01A5-FD7C-AE490D47416F} = {4A291E0E-253E-4F9F-B6E1-7D1309725FE8}
		{0AA01C53-E102-4513-B64C-3C7BBD6783E1} = {B34D44C0-849F-455B-9BBC-D532904CEA28}
		{8D06793C-2039-459A-9373-0F716E5CF630} = {5A9964F9-1334-4F5A-B147-4EDDEA5F318F}
		{5F6F75EC-FB37-400F-965F-7082F5E4464E} = {4A291E0E-253E-4F9F-B6E1-7D1309725FE8}
		{413DC870-24C7-4F2A-8BD6-8B9032A16DC7} = {4A291E0E-253E-4F9F-B6E1-7D1309725FE8}
		{1D574975-DF96-4149-AED8-4D60ABD818B7} = {5A9964F9-1334-4F5A-B147-4EDDEA5F318F}
		{F948FB49-8ADB-4E04-BD5E-51468D5B00DF} = {4A291E0E-253E-4F9F-B6E1-7D1309725FE8}
		{5A9964F9-1334-4F5A-B147-4EDDEA5F318F} = {B34D44C0-849F-455B-9BBC-D532904CEA28}
		{452C73DA-678E-4CEB-8DFE-54D21FDB2A46} = {5A9964F9-1334-4F5A-B147-4EDDEA5F318F}
		{4B9DE497-A023-4238-9D8B-086C0162B302} = {5A9964F9-1334-4F5A-B147-4EDDEA5F318F}
		{8588DCE2-E5C3-453A-8BCD-E08300E4B4B8} = {5A9964F9-1334-4F5A-B147-4EDDEA5F318F}
		{201D5B75-B4AE-4DA9-BDF6-44C9D00C5174} = {B34D44C0-849F-455B-9BBC-D532904CEA28}
		{4A291E0E-253E-4F9F-B6E1-7D1309725FE8} = {201D5B75-B4AE-4DA9-BDF6-44C9D00C5174}
		{5EB33FCB-881B-43B7-B425-491B207D3FA8} = {201D5B75-B4AE-4DA9-BDF6-44C9D00C5174}
		{541DF1A6-7132-499C-BD25-22BE8D115D84} = {5EB33FCB-881B-43B7-B425-491B207D3FA8}
		{2B246716-E1A5-4C4F-91B7-44AD22C3E592} = {5EB33FCB-881B-43B7-B425-491B207D3FA8}
		{117399C1-B525-4A63-8773-AF4CB090D215} = {201D5B75-B4AE-4DA9-BDF6-44C9D00C5174}
		{E80E303E-DAD2-5099-3682-7042BD3113E4} = {5EB33FCB-881B-43B7-B425-491B207D3FA8}
		{E1C32426-6E42-0BF6-8028-DF95FFB2F560} = {117399C1-B525-4A63-8773-AF4CB090D215}
		{5ACCD467-B090-E12C-E868-D69B66872D40} = {117399C1-B525-4A63-8773-AF4CB090D215}
		{D2928D6D-61F2-C7A4-52FB-E4CF4D00F3A0} = {117399C1-B525-4A63-8773-AF4CB090D215}
		{7412C27A-FD35-4A0D-A45B-05BA27B3EB0E} = {201D5B75-B4AE-4DA9-BDF6-44C9D00C5174}
		{1DD7B82D-4AA8-25C1-3CA2-329F6535CC15} = {7412C27A-FD35-4A0D-A45B-05BA27B3EB0E}
	EndGlobalSection
	GlobalSection(ExtensibilityGlobals) = postSolution
		SolutionGuid = {59F9C752-056B-4947-8CAB-297D37823FA3}
	EndGlobalSection
EndGlobal
